
Microsoft Visual Studio Solution File, Format Version 12.00
# Visual Studio Version 17
VisualStudioVersion = 17.8.34322.80
MinimumVisualStudioVersion = 10.0.40219.1
Project("{FAE04EC0-301F-11D3-BF4B-00C04F79EFBC}") = "TestGit", "TestGit.csproj", "{EDA2CD22-63C0-4B55-BB63-9805775CCEE2}"
EndProject
Global
	GlobalSection(SolutionConfigurationPlatforms) = preSolution
		Debug|Any CPU = Debug|Any CPU
		Release|Any CPU = Release|Any CPU
	EndGlobalSection
	GlobalSection(ProjectConfigurationPlatforms) = postSolution
		{EDA2CD22-63C0-4B55-BB63-9805775CCEE2}.Debug|Any CPU.ActiveCfg = Debug|Any CPU
		{EDA2CD22-63C0-4B55-BB63-9805775CCEE2}.Debug|Any CPU.Build.0 = Debug|Any CPU
		{EDA2CD22-63C0-4B55-BB63-9805775CCEE2}.Release|Any CPU.ActiveCfg = Release|Any CPU
		{EDA2CD22-63C0-4B55-BB63-9805775CCEE2}.Release|Any CPU.Build.0 = Release|Any CPU
	EndGlobalSection
	GlobalSection(SolutionProperties) = preSolution
		HideSolutionNode = FALSE
	EndGlobalSection
	GlobalSection(ExtensibilityGlobals) = postSolution
		SolutionGuid = {00EA981E-E96C-41F7-B549-D64CB265A7E3}
	EndGlobalSection
EndGlobal
